{
  "name": "e2e-stageaz-new-data",
  "version": "1.0.0",
  "lockfileVersion": 3,
  "requires": true,
  "packages": {
    "": {
      "name": "e2e-stageaz-new-data",
      "version": "1.0.0",
      "license": "MIT",
      "dependencies": {
        "arc": "0.2.0",
        "cheap-ruler": "4.0.0",
        "dlv": "1.1.3",
        "dset": "3.1.4",
        "earcut": "3.0.2",
        "geojson-normalize": "0.0.1",
        "getobject": "0.1.0",
        "is-buffer": "2.0.5",
        "is-number": "7.0.0",
        "jpeg-js": "0.4.3",
        "just-camel-case": "6.2.0",
        "just-capitalize": "3.2.0",
        "just-clamp": "4.2.0",
        "just-clone": "3.2.1",
        "just-compact": "3.2.0",
        "just-compare": "1.3.0",
        "just-compose": "2.3.0",
        "just-curry-it": "3.1.0",
        "just-debounce-it": "1.1.0",
        "just-diff": "3.0.2",
        "just-diff-apply": "3.0.0",
        "just-entries": "2.3.0",
        "just-extend": "4.0.2",
        "just-filter-object": "3.2.0",
        "just-flatten-it": "3.2.0",
        "just-flip-object": "2.3.0",
        "just-flush": "2.3.0",
        "just-group-by": "2.2.0",
        "just-has": "2.3.0",
        "just-index": "4.2.0",
        "just-insert": "3.2.0",
        "just-intersect": "4.3.0",
        "just-is-circular": "2.2.0",
        "just-is-empty": "3.4.1",
        "just-is-primitive": "2.3.0",
        "just-kebab-case": "4.2.0",
        "just-last": "3.2.0",
        "just-left-pad": "3.2.0",
        "just-map-keys": "2.3.0",
        "just-map-object": "2.3.0",
        "just-map-values": "3.2.0",
        "just-mean": "2.2.0",
        "just-median": "2.2.0",
        "just-memoize": "1.1.0",
        "just-merge": "3.2.0",
        "just-modulo": "2.2.0",
        "just-omit": "2.2.0",
        "just-once": "1.1.0",
        "just-partition": "2.2.0",
        "just-pascal-case": "3.2.0",
        "just-percentile": "4.2.0",
        "just-permutations": "2.2.1",
        "just-pick": "2.1.0",
        "just-pipe": "1.0.0",
        "just-pluck-it": "1.1.1",
        "just-prune": "2.2.0",
        "just-random": "3.2.0",
        "just-random-integer": "4.2.0",
        "just-range": "4.2.0",
        "just-reduce-object": "2.3.0",
        "just-remove": "3.2.0",
        "just-right-pad": "3.2.0",
        "just-safe-get": "2.0.0",
        "just-safe-set": "2.1.0",
        "just-shuffle": "4.2.0",
        "just-skewness": "2.2.0",
        "just-snake-case": "3.2.0",
        "just-sort-by": "3.2.0",
        "just-split": "3.2.0",
        "just-split-at": "3.2.0",
        "just-standard-deviation": "2.2.0",
        "just-tail": "3.2.0",
        "just-template": "2.2.0",
        "just-throttle": "2.1.0",
        "just-truncate": "2.2.0",
        "just-typeof": "3.2.0",
        "just-union": "3.2.0",
        "just-unique": "4.2.0",
        "just-values": "2.2.0",
        "just-variance": "2.2.0",
        "just-zip-it": "3.2.0",
        "kdbush": "4.0.2",
        "klona": "2.0.6",
        "libtess": "1.2.2",
        "lineclip": "2.0.0",
        "memoize-one": "6.0.0",
        "ms": "2.1.3",
        "netmask": "1.0.6",
        "node-serialize": "0.0.4",
        "obj-str": "1.1.0",
        "pathval": "1.1.0",
        "point-in-polygon": "1.1.0",
        "quick-lru": "7.0.0",
        "rfdc": "1.4.1",
        "seedrandom": "3.0.5",
        "shvl": "2.0.0",
        "simplify-js": "1.2.4",
        "smallest-enclosing-circle": "1.0.2",
        "splaytree": "3.2.3",
        "tiny-emitter": "2.1.0",
        "tiny-invariant": "1.3.3",
        "tiny-warning": "1.0.3",
        "tinydate": "1.3.0",
        "tinyqueue": "2.0.3",
        "tinytime": "0.2.6",
        "tmp-cache": "1.1.0",
        "yocto-queue": "1.0.0"
      },
      "devDependencies": {}
    },
    "node_modules/arc": {
      "version": "0.2.0",
      "resolved": "https://registry.npmjs.org/arc/-/arc-0.2.0.tgz",
      "integrity": "sha512-8NFOo126uYKQJyXNSLY/jSklgfLQL+XWAcPXGo876JwEQ8nSOPXWNI3TV2jLZMN8QEw8uksJ1ZwS4npjBca8MA==",
      "engines": {
        "node": ">=0.4.0"
      }
    },
    "node_modules/cheap-ruler": {
      "version": "4.0.0",
      "resolved": "https://registry.npmjs.org/cheap-ruler/-/cheap-ruler-4.0.0.tgz",
      "integrity": "sha512-0BJa8f4t141BYKQyn9NSQt1PguFQXMXwZiA5shfoaBYHAb2fFk2RAX+tiWMoQU+Agtzt3mdt0JtuyshAXqZ+Vw==",
      "license": "ISC"
    },
    "node_modules/dlv": {
      "version": "1.1.3",
      "resolved": "https://registry.npmjs.org/dlv/-/dlv-1.1.3.tgz",
      "integrity": "sha512-+HlytyjlPKnIG8XuRG8WvmBP8xs8P71y+SKKS6ZXWoEgLuePxtDoUEiH7WkdePWrQ5JBpE6aoVqfZfJUQkjXwA==",
      "license": "MIT"
    },
    "node_modules/dset": {
      "version": "3.1.4",
      "resolved": "https://registry.npmjs.org/dset/-/dset-3.1.4.tgz",
      "integrity": "sha512-2QF/g9/zTaPDc3BjNcVTGoBbXBgYfMTTceLaYcFJ/W9kggFUkhxD/hMEeuLKbugyef9SqAx8cpgwlIP/jinUTA==",
      "license": "MIT",
      "engines": {
        "node": ">=4"
      }
    },
    "node_modules/earcut": {
      "version": "3.0.2",
      "resolved": "https://registry.npmjs.org/earcut/-/earcut-3.0.2.tgz",
      "integrity": "sha512-X7hshQbLyMJ/3RPhyObLARM2sNxxmRALLKx1+NVFFnQ9gKzmCrxm9+uLIAdBcvc8FNLpctqlQ2V6AE92Ol9UDQ==",
      "license": "ISC"
    },
    "node_modules/geojson-normalize": {
      "version": "0.0.1",
      "resolved": "https://registry.npmjs.org/geojson-normalize/-/geojson-normalize-0.0.1.tgz",
      "integrity": "sha512-aiUC8yTUmtYEnQL7sTBsZWAVSiY4WUgF94kiuSbE9DKXtMJHy0F4hLJJVBABeCP2KWuxetgYbzkRuFwyHE+N5Q==",
      "deprecated": "This module is now under the @mapbox namespace: install @mapbox/geojson-normalize instead",
      "license": "ISC",
      "bin": {
        "geojson-normalize": "geojson-normalize"
      }
    },
    "node_modules/getobject": {
      "version": "0.1.0",
      "resolved": "https://registry.npmjs.org/getobject/-/getobject-0.1.0.tgz",
      "integrity": "sha512-hIGEBfnHcZpWkXPsAVeVmpYDvfy/matVl03yOY91FPmnpCC12Lm5izNxCjO3lHAeO6uaTwMxu7g450Siknlhig==",
      "engines": {
        "node": ">= 0.8.0"
      }
    },
    "node_modules/is-buffer": {
      "version": "2.0.5",
      "resolved": "https://registry.npmjs.org/is-buffer/-/is-buffer-2.0.5.tgz",
      "integrity": "sha512-i2R6zNFDwgEHJyQUtJEk0XFi1i0dPFn/oqjK3/vPCcDeJvW5NQ83V8QbicfF1SupOaB0h8ntgBC2YiE7dfyctQ==",
      "funding": [
        {
          "type": "github",
          "url": "https://github.com/sponsors/feross"
        },
        {
          "type": "patreon",
          "url": "https://www.patreon.com/feross"
        },
        {
          "type": "consulting",
          "url": "https://feross.org/support"
        }
      ],
      "license": "MIT",
      "engines": {
        "node": ">=4"
      }
    },
    "node_modules/is-number": {
      "version": "7.0.0",
      "resolved": "https://registry.npmjs.org/is-number/-/is-number-7.0.0.tgz",
      "integrity": "sha512-41Cifkg6e8TylSpdtTpeLVMqvSBEVzTttHvERD741+pnZ8ANv0004MRL43QKPDlK9cGvNp6NZWZUBlbGXYxxng==",
      "license": "MIT",
      "engines": {
        "node": ">=0.12.0"
      }
    },
    "node_modules/jpeg-js": {
      "version": "0.4.3",
      "resolved": "https://registry.npmjs.org/jpeg-js/-/jpeg-js-0.4.3.tgz",
      "integrity": "sha512-ru1HWKek8octvUHFHvE5ZzQ1yAsJmIvRdGWvSoKV52XKyuyYA437QWDttXT8eZXDSbuMpHlLzPDZUPd6idIz+Q==",
      "license": "BSD-3-Clause"
    },
    "node_modules/just-camel-case": {
      "version": "6.2.0",
      "resolved": "https://registry.npmjs.org/just-camel-case/-/just-camel-case-6.2.0.tgz",
      "integrity": "sha512-ICenRLXwkQYLk3UyvLQZ+uKuwFVJ3JHFYFn7F2782G2Mv2hW8WPePqgdhpnjGaqkYtSVWnyCESZhGXUmY3/bEg==",
      "license": "MIT"
    },
    "node_modules/just-capitalize": {
      "version": "3.2.0",
      "resolved": "https://registry.npmjs.org/just-capitalize/-/just-capitalize-3.2.0.tgz",
      "integrity": "sha512-FK8U9A5AHCIGxlEXg3RFJkb9Nz/fS9luJlrfRf0bFBZU6xnIQ6tbwl+HitMJLwCFszZqVaXQcyeoy8/PYABS6A==",
      "license": "MIT"
    },
    "node_modules/just-clamp": {
      "version": "4.2.0",
      "resolved": "https://registry.npmjs.org/just-clamp/-/just-clamp-4.2.0.tgz",
      "integrity": "sha512-ssHiAxuN7R+VP7jS1XyUP7ju5YC4bTQwQdzYtuZkASTrKe9KsI/X0t+5BJeD6Un6z/dNMDFVNQpQEgUphpXa0w==",
      "license": "MIT"
    },
    "node_modules/just-clone": {
      "version": "3.2.1",
      "resolved": "https://registry.npmjs.org/just-clone/-/just-clone-3.2.1.tgz",
      "integrity": "sha512-PFotEVrrzAnwuWTUOFquDShWrHnUnhxNrVs1VFqkNfnoH3Sn5XUlDOePYn2Vv5cN8xV2y69jf8qEoQHm7eoLnw==",
      "license": "MIT"
    },
    "node_modules/just-compact": {
      "version": "3.2.0",
      "resolved": "https://registry.npmjs.org/just-compact/-/just-compact-3.2.0.tgz",
      "integrity": "sha512-sOrec92s8U4hzuj8FhbwLYxgvqS+BqGoU+LjgqW0r1MpXLJ7xkKwiFnt5Jr9Se3A62DCJ18+14Jvc1euzmWwbA==",
      "license": "MIT"
    },
    "node_modules/just-compare": {
      "version": "1.3.0",
      "resolved": "https://registry.npmjs.org/just-compare/-/just-compare-1.3.0.tgz",
      "integrity": "sha512-i4QNo3mPYubDmAwPbCKQl5C2b5s0yudP5V5GDp6lGR1PM22Em4Idf7mcaIzXYcL6/RLdZtuGrAqkBe9RYM/t4w==",
      "license": "MIT"
    },
    "node_modules/just-compose": {
      "version": "2.3.0",
      "resolved": "https://registry.npmjs.org/just-compose/-/just-compose-2.3.0.tgz",
      "integrity": "sha512-HFtBU8GuHP+jHQN1ucJqpb+FpaWiLnLkUDXg7uTse2wdZOIQlOFsWwPE8PpAsmCbqHBq/XD7PovyF7y+OtcoVQ==",
      "license": "MIT"
    },
    "node_modules/just-curry-it": {
      "version": "3.1.0",
      "resolved": "https://registry.npmjs.org/just-curry-it/-/just-curry-it-3.1.0.tgz",
      "integrity": "sha512-mjzgSOFzlrurlURaHVjnQodyPNvrHrf1TbQP2XU9NSqBtHQPuHZ+Eb6TAJP7ASeJN9h9K0KXoRTs8u6ouHBKvg==",
      "license": "MIT"
    },
    "node_modules/just-debounce-it": {
      "version": "1.1.0",
      "resolved": "https://registry.npmjs.org/just-debounce-it/-/just-debounce-it-1.1.0.tgz",
      "integrity": "sha512-87Nnc0qZKgBZuhFZjYVjSraic0x7zwjhaTMrCKlj0QYKH6lh0KbFzVnfu6LHan03NO7J8ygjeBeD0epejn5Zcg==",
      "license": "MIT"
    },
    "node_modules/just-diff": {
      "version": "3.0.2",
      "resolved": "https://registry.npmjs.org/just-diff/-/just-diff-3.0.2.tgz",
      "integrity": "sha512-+EiNvacECnZbszZa5IMjzrJ3dy2HKMXyGaNYWBnXy+iWW+437jIvQUrWaM9M+XI/6gOH8EjqvhGUOSh7ETekyg==",
      "license": "MIT"
    },
    "node_modules/just-diff-apply": {
      "version": "3.0.0",
      "resolved": "https://registry.npmjs.org/just-diff-apply/-/just-diff-apply-3.0.0.tgz",
      "integrity": "sha512-K2MLc+ZC2DVxX4V61bIKPeMUUfj1YYZ3h0myhchDXOW1cKoPZMnjIoNCqv9bF2n5Oob1PFxuR2gVJxkxz4e58w==",
      "license": "MIT"
    },
    "node_modules/just-entries": {
      "version": "2.3.0",
      "resolved": "https://registry.npmjs.org/just-entries/-/just-entries-2.3.0.tgz",
      "integrity": "sha512-y2hKiwjvuqhusGVBtZPEgbln1JWeWAmCv7p3p/L0g9u+HS9In52M7NFxI3IGwgG2fsSGL8ssRBi3RjGi6JIzMg==",
      "license": "MIT"
    },
    "node_modules/just-extend": {
      "version": "4.0.2",
      "resolved": "https://registry.npmjs.org/just-extend/-/just-extend-4.0.2.tgz",
      "integrity": "sha512-FrLwOgm+iXrPV+5zDU6Jqu4gCRXbWEQg2O3SKONsWE4w7AXFRkryS53bpWdaL9cNol+AmR3AEYz6kn+o0fCPnw==",
      "license": "MIT"
    },
    "node_modules/just-filter-object": {
      "version": "3.2.0",
      "resolved": "https://registry.npmjs.org/just-filter-object/-/just-filter-object-3.2.0.tgz",
      "integrity": "sha512-OeorYJxmp2zhy/0LxjS1UjbJ7XMY8M4gVa1RRKxnIVheCYmng2E2hE0lEbDGv4aRh/HI7FgNUXtOMnmNxpoXRQ==",
      "license": "MIT"
    },
    "node_modules/just-flatten-it": {
      "version": "3.2.0",
      "resolved": "https://registry.npmjs.org/just-flatten-it/-/just-flatten-it-3.2.0.tgz",
      "integrity": "sha512-jC7d8a8F+wMXZz6yyFUjy/Xe/hV8oP53VmKcyTtBGqwJ3XR3/u9+eXyCZUYjaxsC9UyJS540wD/sRHgvrylhoQ==",
      "license": "MIT"
    },
    "node_modules/just-flip-object": {
      "version": "2.3.0",
      "resolved": "https://registry.npmjs.org/just-flip-object/-/just-flip-object-2.3.0.tgz",
      "integrity": "sha512-cve2CP0ON/HjEKif2tdjDxYEky8//ose4X3hU9thGLtN8wWXyFrGqNVAzZAqa/7XQtCbb/9sHtxutnsir/E+Hg==",
      "license": "MIT"
    },
    "node_modules/just-flush": {
      "version": "2.3.0",
      "resolved": "https://registry.npmjs.org/just-flush/-/just-flush-2.3.0.tgz",
      "integrity": "sha512-fBuxQ1gJ61BurmhwKS5LYTzhkbrT5j/2U7ax+UbLm9aRvCTh2h6AfzLteOckE4KKomqOf0Y3zIG3Xu57sRsKUg==",
      "license": "MIT"
    },
    "node_modules/just-group-by": {
      "version": "2.2.0",
      "resolved": "https://registry.npmjs.org/just-group-by/-/just-group-by-2.2.0.tgz",
      "integrity": "sha512-brZocDSmkvDYc+FOr07GiTar4cp7K6OB9huVOrj5LX+iXfCe3hTvn2KGM811LE/SBQkCzuYDDEcG8HA/dKDrnw==",
      "license": "MIT"
    },
    "node_modules/just-has": {
      "version": "2.3.0",
      "resolved": "https://registry.npmjs.org/just-has/-/just-has-2.3.0.tgz",
      "integrity": "sha512-JzxCot/ETqLDullSSC5OtT/PLWiqgRNO5z33gVit6BoCXe/6BHut33o9ZunG5jQSqeY4EyzFnl8Wqc7S8Ci/wQ==",
      "license": "MIT"
    },
    "node_modules/just-index": {
      "version": "4.2.0",
      "resolved": "https://registry.npmjs.org/just-index/-/just-index-4.2.0.tgz",
      "integrity": "sha512-9XhfeX7FDpV+OQWf6OV40IylqbFFWZ2vDGo9rcrK2gTVtXQsuWpgiwtF+A6tS5nyqx+rv9XPZViZBDFLNCaUhQ==",
      "license": "MIT"
    },
    "node_modules/just-insert": {
      "version": "3.2.0",
      "resolved": "https://registry.npmjs.org/just-insert/-/just-insert-3.2.0.tgz",
      "integrity": "sha512-M3E0zgm9kCPPNspm9asIGkYccZHotP0pJ6btlVebN4m46FPLE3dpAyUJWkhxLMYp9F3qq8uBNuw9JAeifrg+oA==",
      "license": "MIT"
    },
    "node_modules/just-intersect": {
      "version": "4.3.0",
      "resolved": "https://registry.npmjs.org/just-intersect/-/just-intersect-4.3.0.tgz",
      "integrity": "sha512-XdAiJUmfM7VOoBUh7I4xo+0YYuzCPiV0Xf21oAmR+1j6a/P8KxJUCigZDblmURZmkIWffNziY2sbSaHrJbNcuA==",
      "license": "MIT"
    },
    "node_modules/just-is-circular": {
      "version": "2.2.0",
      "resolved": "https://registry.npmjs.org/just-is-circular/-/just-is-circular-2.2.0.tgz",
      "integrity": "sha512-POA5uymZXoBHl0/SBaDzY8vh0x3WZ8ZQOsqkKD/4Iek9BQyC3C3lpBp44EMl/BLAzHjEBe/iJ9wNOuQN4rQdZA==",
      "license": "MIT"
    },
    "node_modules/just-is-empty": {
      "version": "3.4.1",
      "resolved": "https://registry.npmjs.org/just-is-empty/-/just-is-empty-3.4.1.tgz",
      "integrity": "sha512-bweyqPPl3HReVyVzLJvCJn+cfXJKh6dy4kSLoW9YLqwFz+2vZbWLN38AOK7esEIVPQwY1W48HaNvOFZqYAjLpw==",
      "license": "MIT"
    },
    "node_modules/just-is-primitive": {
      "version": "2.3.0",
      "resolved": "https://registry.npmjs.org/just-is-primitive/-/just-is-primitive-2.3.0.tgz",
      "integrity": "sha512-qYrRbbvDjBp4TzcHKacySFV1A0N4dI8dGjvsr5BjbOGNOjH/UVHcK8TxU22N7yFPJdoMqEfppQZjVIyBFL0mJQ==",
      "license": "MIT"
    },
    "node_modules/just-kebab-case": {
      "version": "4.2.0",
      "resolved": "https://registry.npmjs.org/just-kebab-case/-/just-kebab-case-4.2.0.tgz",
      "integrity": "sha512-p2BdO7o4BI+pMun3J+dhaOfYan5JsZrw9wjshRjkWY9+p+u+kKSMhNWYnot2yHDR9CSahZ9iT3dcqJ+V72qHMw==",
      "license": "MIT"
    },
    "node_modules/just-last": {
      "version": "3.2.0",
      "resolved": "https://registry.npmjs.org/just-last/-/just-last-3.2.0.tgz",
      "integrity": "sha512-QaJijOUJDKEV++2o1H2iKaQuBRXPFhb6beFhzIwjKF57HbLAfYQXw4JBAjMOhjOVfeq0nBhRonMgLGu7MCReKQ==",
      "license": "MIT"
    },
    "node_modules/just-left-pad": {
      "version": "3.2.0",
      "resolved": "https://registry.npmjs.org/just-left-pad/-/just-left-pad-3.2.0.tgz",
      "integrity": "sha512-WA3MulRnxj4m1TOzkTrR7JjrxOYlPrtmy70gGs3GAtOqm6XKItydz+rmnYd0m6qeouIT/euu3uyt8E0uTUkyjQ==",
      "license": "MIT"
    },
    "node_modules/just-map-keys": {
      "version": "2.3.0",
      "resolved": "https://registry.npmjs.org/just-map-keys/-/just-map-keys-2.3.0.tgz",
      "integrity": "sha512-enWodahIp6kDnt+/dw5Ps1baTmuuc9AVFOuwwLhn3mufOyP4aWF3+4uF6oEFKVH15H0ymb7MjuO9W6j8HFQ8ng==",
      "license": "MIT"
    },
    "node_modules/just-map-object": {
      "version": "2.3.0",
      "resolved": "https://registry.npmjs.org/just-map-object/-/just-map-object-2.3.0.tgz",
      "integrity": "sha512-702xzYHUSFKdnN4844avAytynTAYBJvPoaGKrw4QKkyy1UkW44zWsrITV1KUFFCvDn7YQpzHffCRKdsa0szoLA==",
      "license": "MIT"
    },
    "node_modules/just-map-values": {
      "version": "3.2.0",
      "resolved": "https://registry.npmjs.org/just-map-values/-/just-map-values-3.2.0.tgz",
      "integrity": "sha512-TyqCKtK3NxiUgOjRYMIKURvBTHesi3XzomDY0QVPZ3rYzLCF+nNq5rSi0B/L5aOd/WMTZo6ukzA4wih4HUbrDg==",
      "license": "MIT"
    },
    "node_modules/just-mean": {
      "version": "2.2.0",
      "resolved": "https://registry.npmjs.org/just-mean/-/just-mean-2.2.0.tgz",
      "integrity": "sha512-ZLZHJz3AHF+mk/FwB3FOf1GTfT3UfaE2Dr0UbuVixWhOOtI2ed+S+6V0QFpcZdPjA8hNES0TJqs1G7DpMAtkQw==",
      "license": "MIT"
    },
    "node_modules/just-median": {
      "version": "2.2.0",
      "resolved": "https://registry.npmjs.org/just-median/-/just-median-2.2.0.tgz",
      "integrity": "sha512-y7xeJ/2djhCkVoas/Omfz2uq+dS7bxJWf5oHX/nAG1fVOPbvZbWJUwGNgBRoGUlCy8gsyFigeVTNMMu+XCalhw==",
      "license": "MIT"
    },
    "node_modules/just-memoize": {
      "version": "1.1.0",
      "resolved": "https://registry.npmjs.org/just-memoize/-/just-memoize-1.1.0.tgz",
      "integrity": "sha512-ALigWyjMjGqN0CHLBLCZpi6DatXQ60wLIsaZc7OxH6kdFUC/4nIjyqPUmozQ74augLvLmvJDHa1CCPzqD7oVnA==",
      "license": "MIT"
    },
    "node_modules/just-merge": {
      "version": "3.2.0",
      "resolved": "https://registry.npmjs.org/just-merge/-/just-merge-3.2.0.tgz",
      "integrity": "sha512-cNh5FWt44hx4SpQS1xZU8Tzr/fQA69pqCdjbwxmaYYIOuRfA8EIg+dn1bGmIW03ZUtR2vkMOCjWKc+jIbpauSw==",
      "license": "MIT"
    },
    "node_modules/just-modulo": {
      "version": "2.2.0",
      "resolved": "https://registry.npmjs.org/just-modulo/-/just-modulo-2.2.0.tgz",
      "integrity": "sha512-/jyWLdlufLTnST5AmkmpGls0pS/oK5kN5B7MxkqLslQuidmRccOK8tYFlMfjWMLbNKoumMBWgEP2zMvGI8hn1A==",
      "license": "MIT"
    },
    "node_modules/just-omit": {
      "version": "2.2.0",
      "resolved": "https://registry.npmjs.org/just-omit/-/just-omit-2.2.0.tgz",
      "integrity": "sha512-Js7+HxDOGcB3RhI38Mird/RgyMf3t0DAJFda1QWqqlAKTa36NeSYIufJXxrZUbysFTRcTOFcoMCiFK5FwCoI7Q==",
      "license": "MIT"
    },
    "node_modules/just-once": {
      "version": "1.1.0",
      "resolved": "https://registry.npmjs.org/just-once/-/just-once-1.1.0.tgz",
      "integrity": "sha512-+rZVpl+6VyTilK7vB/svlMPil4pxqIJZkbnN7DKZTOzyXfun6ZiFeq2Pk4EtCEHZ0VU4EkdFzG8ZK5F3PErcDw==",
      "license": "MIT"
    },
    "node_modules/just-partition": {
      "version": "2.2.0",
      "resolved": "https://registry.npmjs.org/just-partition/-/just-partition-2.2.0.tgz",
      "integrity": "sha512-h4FbIqJJHZtEtJm/P+MqlvmRVrhzpPpaY/dIUda5KqSOa0bVW1m4UegDzGXVe9MWZwa9MPTBAy+toLc0scVg2g==",
      "license": "MIT"
    },
    "node_modules/just-pascal-case": {
      "version": "3.2.0",
      "resolved": "https://registry.npmjs.org/just-pascal-case/-/just-pascal-case-3.2.0.tgz",
      "integrity": "sha512-B0PW5mgJrsGmXdvDLxC2Kdfyie74m+mRO+iCjJ+Es0Jl5kcQwVfB0qb/qiDOCE3m0XUOo1SdZBWzUlNCO9zreg==",
      "license": "MIT"
    },
    "node_modules/just-percentile": {
      "version": "4.2.0",
      "resolved": "https://registry.npmjs.org/just-percentile/-/just-percentile-4.2.0.tgz",
      "integrity": "sha512-DjoYlegU7nyyi9ux9atRphMx4plC1fPgeSPkOvjg6Y3QzOx91jwi/6BDmgdb+KYBiI2glRWgHriA98NI/OWaBQ==",
      "license": "MIT"
    },
    "node_modules/just-permutations": {
      "version": "2.2.1",
      "resolved": "https://registry.npmjs.org/just-permutations/-/just-permutations-2.2.1.tgz",
      "integrity": "sha512-J2W9djsAsl346A9H41H/S8VXfnPjxZSFfBbAsZRbtFUQTpfmGBGJLWNeZgoDtzBw+ZaN7WF/DOsAJ+V/e6P5cQ==",
      "license": "MIT"
    },
    "node_modules/just-pick": {
      "version": "2.1.0",
      "resolved": "https://registry.npmjs.org/just-pick/-/just-pick-2.1.0.tgz",
      "integrity": "sha512-C1PuyjBfPOqv8mHxva3tcEG/BuZfyTjeNpFbg7/R9c/+/YVqVQd/tECZ7l4QX4vhONSRiOlJ6NyTbBJLMRw0wg==",
      "license": "MIT"
    },
    "node_modules/just-pipe": {
      "version": "1.0.0",
      "resolved": "https://registry.npmjs.org/just-pipe/-/just-pipe-1.0.0.tgz",
      "integrity": "sha512-KVzKqwS6JPk4lXuQFh+3wU0Me99szjdk/KXQbqqz4kbe+gFLi/tF1ksEZJFLGCIoeUMyMXGKHTZl+M2NYotbbQ==",
      "license": "MIT"
    },
    "node_modules/just-pluck-it": {
      "version": "1.1.1",
      "resolved": "https://registry.npmjs.org/just-pluck-it/-/just-pluck-it-1.1.1.tgz",
      "integrity": "sha512-4+ljInTE696MZm5KrhjmdSnjmyCeXT1/VJXMbndZPjwOrGcy1MJVp4mlWXQPDXW0VKehMc6OfAP8v404Y0SBgA==",
      "license": "MIT"
    },
    "node_modules/just-prune": {
      "version": "2.2.0",
      "resolved": "https://registry.npmjs.org/just-prune/-/just-prune-2.2.0.tgz",
      "integrity": "sha512-eGIjboca1DHMEWx2b7tUrQMAJR7hRN/teE25S5dPT/DWIzdaNqswfv7KayHUTmz7cF1lvL0ZgLu0jWPTynV4XQ==",
      "license": "MIT"
    },
    "node_modules/just-random": {
      "version": "3.2.0",
      "resolved": "https://registry.npmjs.org/just-random/-/just-random-3.2.0.tgz",
      "integrity": "sha512-RMf8vbtCfLIbAEHvIPu2FwMkpB/JudGyk/VPfqPItcRgt7k8QnV+Aa7s7kRFPo+bavQkUi8Yg1x/ooW6Ttyb9A==",
      "license": "MIT"
    },
    "node_modules/just-random-integer": {
      "version": "4.2.0",
      "resolved": "https://registry.npmjs.org/just-random-integer/-/just-random-integer-4.2.0.tgz",
      "integrity": "sha512-MfabwcY+RQNCVCmZZkTYDpk/AT315+7Rkoj59+abzYxgUOiSdoZ4G5hbK/4VZqdHScu95Wnd+1MqxyUETM6xuQ==",
      "license": "MIT"
    },
    "node_modules/just-range": {
      "version": "4.2.0",
      "resolved": "https://registry.npmjs.org/just-range/-/just-range-4.2.0.tgz",
      "integrity": "sha512-z2Ip8H2j7a9Vr8rKFi0IZf4IXn2Yuq2lGZFS41GjfPwksoHWTaTx1xIjU6C0HyQ1jBXEoz/FzjS5eyVXeW19tg==",
      "license": "MIT"
    },
    "node_modules/just-reduce-object": {
      "version": "2.3.0",
      "resolved": "https://registry.npmjs.org/just-reduce-object/-/just-reduce-object-2.3.0.tgz",
      "integrity": "sha512-hLZofqxBvdmgyKttm91S0BKKHO8pr+dgyMuBH8sHxlLjRCMjzun1D1QrOeIDbWrqy42L3ZgDjf8Wi2x+Z3gEHw==",
      "license": "MIT"
    },
    "node_modules/just-remove": {
      "version": "3.2.0",
      "resolved": "https://registry.npmjs.org/just-remove/-/just-remove-3.2.0.tgz",
      "integrity": "sha512-gR3EOFIkZapF3g0K4IRRqH4lM+czJEfaOFgrwZl5vNfVUeJqfke9/L67Mf3CgnT3j2HM46C+mdCRvqaCD77Nqg==",
      "license": "MIT"
    },
    "node_modules/just-right-pad": {
      "version": "3.2.0",
      "resolved": "https://registry.npmjs.org/just-right-pad/-/just-right-pad-3.2.0.tgz",
      "integrity": "sha512-CmCkafyDmaFxdHxO1Sz/8Xbpl0xA2aIZzMVuSXSwN/81rFkrQpCRONBlMRrdkfOfaUCeocQYFszr8+Q7+zeRXA==",
      "license": "MIT"
    },
    "node_modules/just-safe-get": {
      "version": "2.0.0",
      "resolved": "https://registry.npmjs.org/just-safe-get/-/just-safe-get-2.0.0.tgz",
      "integrity": "sha512-OBUeNXA7efFIGh0hSLW4nxrOtFWfmjoc3T8B5oixm3b+D7SZN10VKwORUEk4oDeBaR/sqkDMxXb0gE0DRYreEA==",
      "license": "MIT"
    },
    "node_modules/just-safe-set": {
      "version": "2.1.0",
      "resolved": "https://registry.npmjs.org/just-safe-set/-/just-safe-set-2.1.0.tgz",
      "integrity": "sha512-wSTg/2bQpzyivBYbWPqQgafdfxW0tr3hX9qYGDRS2ws+AXwc7tvn8ABqkp8iPQHChjj4F5JvL3t0FQLbcNuKig==",
      "license": "MIT"
    },
    "node_modules/just-shuffle": {
      "version": "4.2.0",
      "resolved": "https://registry.npmjs.org/just-shuffle/-/just-shuffle-4.2.0.tgz",
      "integrity": "sha512-/dDmNseAWLf3XkFY9xf3/BdQoiy27LNUy/7uG4zdSAX526nIHMYPYeJ4pN4lT1/pgNEX8XCXPtUB6gJqTpBEng==",
      "license": "MIT"
    },
    "node_modules/just-skewness": {
      "version": "2.2.0",
      "resolved": "https://registry.npmjs.org/just-skewness/-/just-skewness-2.2.0.tgz",
      "integrity": "sha512-+ZUWzC/FjFHgrRLeqnOBgt6B62PvKFQo7xCXIGX0oMiknjoSSrygV4YZHLaSXt3Us5nLDpCdF4Lfny2zRe1UpQ==",
      "license": "MIT"
    },
    "node_modules/just-snake-case": {
      "version": "3.2.0",
      "resolved": "https://registry.npmjs.org/just-snake-case/-/just-snake-case-3.2.0.tgz",
      "integrity": "sha512-iugHP9bSE0jOq3BzN0W0rdu/OOkFirPe8FtUw6v9y37UlbUDgJ1x4xiGNfUhI6mV9dc/paaifyiyn+F+mrm8gw==",
      "license": "MIT"
    },
    "node_modules/just-sort-by": {
      "version": "3.2.0",
      "resolved": "https://registry.npmjs.org/just-sort-by/-/just-sort-by-3.2.0.tgz",
      "integrity": "sha512-kfKNELhpDd0/aC/dBeT1uS+pUmFgHIcU6sDnUKZRuGoGYx8mKgZLCNlL6QfNYFzUkqPUEVOsiN9uaZs4z2X9Vw==",
      "license": "MIT"
    },
    "node_modules/just-split": {
      "version": "3.2.0",
      "resolved": "https://registry.npmjs.org/just-split/-/just-split-3.2.0.tgz",
      "integrity": "sha512-hh57dN5koTBkmg3T6gBFISVVaW5bgZ6Ct1W5KODD5M7hQJKqGzTKkfMwOil8MBxyztLQEjh/v6UGXE8cP5tnqQ==",
      "license": "MIT"
    },
    "node_modules/just-split-at": {
      "version": "3.2.0",
      "resolved": "https://registry.npmjs.org/just-split-at/-/just-split-at-3.2.0.tgz",
      "integrity": "sha512-GqgDTjzn6i/3FLsHbMa7wkZWilNX15Mpr3KYyUDCF0yGZ4aV9pS1hEluvCa8cJXSMH7Vo2AJDtLxsE8y2yPcgw==",
      "license": "MIT"
    },
    "node_modules/just-standard-deviation": {
      "version": "2.2.0",
      "resolved": "https://registry.npmjs.org/just-standard-deviation/-/just-standard-deviation-2.2.0.tgz",
      "integrity": "sha512-sy6d9GCMAVz2pEzucNdGiTBhOJxjY8GK5/8+oim1ALzsfCFqd7MGSQnTUVoqBEUU54Iiv5a0BoZIfqY3pO22tA==",
      "license": "MIT"
    },
    "node_modules/just-tail": {
      "version": "3.2.0",
      "resolved": "https://registry.npmjs.org/just-tail/-/just-tail-3.2.0.tgz",
      "integrity": "sha512-UkazsfVUwAPVpyCQU+RNVZrboJj3S7nlAtC2GXHjZubQP8MZHI0N5B+9LoJPguqtYI/v+kJ2W0VIofWCXuSj4A==",
      "license": "MIT"
    },
    "node_modules/just-template": {
      "version": "2.2.0",
      "resolved": "https://registry.npmjs.org/just-template/-/just-template-2.2.0.tgz",
      "integrity": "sha512-tYzMAz72bJXRBFKhWnEZrVdBbBqV4/vwNGv6O96LqZv+BjtmUGUBtBkFr+vqGlgHOVIcRalUNdJlumvXSAbuaQ==",
      "license": "MIT"
    },
    "node_modules/just-throttle": {
      "version": "2.1.0",
      "resolved": "https://registry.npmjs.org/just-throttle/-/just-throttle-2.1.0.tgz",
      "integrity": "sha512-tZ5VOT8j4LfvjxuieJ429/QUv2sRYZCDL5lJOaCa5fSvi42fAjnmLfh+uyuDA4e7wxweaPEuFYBkbdPgUcQfkw==",
      "license": "MIT"
    },
    "node_modules/just-truncate": {
      "version": "2.2.0",
      "resolved": "https://registry.npmjs.org/just-truncate/-/just-truncate-2.2.0.tgz",
      "integrity": "sha512-s7RX8ARl3SBPBPT5z9BRh4pNtHfmWIOiG3OiOisON8gPXjAhKaL9SFgUhGdrwcr6PpQQR6otNrRzCgbozi9qpQ==",
      "license": "MIT"
    },
    "node_modules/just-typeof": {
      "version": "3.2.0",
      "resolved": "https://registry.npmjs.org/just-typeof/-/just-typeof-3.2.0.tgz",
      "integrity": "sha512-nOKazfzrQDEGNwXPfWEB64QD+ATZUnpOTJn0xMnCk41p297P9Emt3BlsRyWbu+CErMjopnFTGcYHJnvFX97ZIQ==",
      "license": "MIT"
    },
    "node_modules/just-union": {
      "version": "3.2.0",
      "resolved": "https://registry.npmjs.org/just-union/-/just-union-3.2.0.tgz",
      "integrity": "sha512-Eb0JoenysHPnkaINMNvbgOdICJIEXGGEhtYmvtznWtsckzFKUIIwxfzvpw7bKix2TzHb1mxsEbdKeg9CkvwK/A==",
      "license": "MIT"
    },
    "node_modules/just-unique": {
      "version": "4.2.0",
      "resolved": "https://registry.npmjs.org/just-unique/-/just-unique-4.2.0.tgz",
      "integrity": "sha512-cxQGGUiit6CGUpuuiezY8N4m1wgF4o7127rXEXDFcxeDUFfdV7gSkwA26Fe2wWBiNQq2SZOgN4gSmMxB/StA8Q==",
      "license": "MIT"
    },
    "node_modules/just-values": {
      "version": "2.2.0",
      "resolved": "https://registry.npmjs.org/just-values/-/just-values-2.2.0.tgz",
      "integrity": "sha512-gbHDveFibNEonw1IRfI6D/y6Q6yEmaMdsUHoHbXD12Jz0fbGtwQKwvE7+uZbF8PYWgkz37j3KOUEj5u7NyMulA==",
      "license": "MIT"
    },
    "node_modules/just-variance": {
      "version": "2.2.0",
      "resolved": "https://registry.npmjs.org/just-variance/-/just-variance-2.2.0.tgz",
      "integrity": "sha512-ZR4xVmroCfuYua6BVvJUgbhBF8x5fy079ryZmn+tGLLuI4AGRn/goXfOO4ZUAG7B7kb1bpdXRMZZXllJRpmIZA==",
      "license": "MIT"
    },
    "node_modules/just-zip-it": {
      "version": "3.2.0",
      "resolved": "https://registry.npmjs.org/just-zip-it/-/just-zip-it-3.2.0.tgz",
      "integrity": "sha512-ZJxc8mLz8XkaoOegJ237Xuo3ZQB5zUN/8BTXqalBJbh/uj+ahfJbOJKadJPmXDBbxHzh+MQYH43VxV5TlQvlfw==",
      "license": "MIT"
    },
    "node_modules/kdbush": {
      "version": "4.0.2",
      "resolved": "https://registry.npmjs.org/kdbush/-/kdbush-4.0.2.tgz",
      "integrity": "sha512-WbCVYJ27Sz8zi9Q7Q0xHC+05iwkm3Znipc2XTlrnJbsHMYktW4hPhXUE8Ys1engBrvffoSCqbil1JQAa7clRpA==",
      "license": "ISC"
    },
    "node_modules/klona": {
      "version": "2.0.6",
      "resolved": "https://registry.npmjs.org/klona/-/klona-2.0.6.tgz",
      "integrity": "sha512-dhG34DXATL5hSxJbIexCft8FChFXtmskoZYnoPWjXQuebWYCNkVeV3KkGegCK9CP1oswI/vQibS2GY7Em/sJJA==",
      "license": "MIT",
      "engines": {
        "node": ">= 8"
      }
    },
    "node_modules/libtess": {
      "version": "1.2.2",
      "resolved": "https://registry.npmjs.org/libtess/-/libtess-1.2.2.tgz",
      "integrity": "sha512-Nps8HPeVVcsmJxUvFLKVJcCgcz+1ajPTXDVAVPs6+giOQP4AHV31uZFFkh+CKow/bkB7GbZWKmwmit7myaqDSw==",
      "license": "SGI-B-2.0"
    },
    "node_modules/lineclip": {
      "version": "2.0.0",
      "resolved": "https://registry.npmjs.org/lineclip/-/lineclip-2.0.0.tgz",
      "integrity": "sha512-PosanfyLckGXZbCX+aWmfmHWWhVPnLf9iKcUefaSGGw2IBOef5XdBdyl175LEqRy/sEOZ2SEz/l7K5S93BZlYQ==",
      "license": "ISC"
    },
    "node_modules/memoize-one": {
      "version": "6.0.0",
      "resolved": "https://registry.npmjs.org/memoize-one/-/memoize-one-6.0.0.tgz",
      "integrity": "sha512-rkpe71W0N0c0Xz6QD0eJETuWAJGnJ9afsl1srmwPrI+yBCkge5EycXXbYRyvL29zZVUWQCY7InPRCv3GDXuZNw==",
      "license": "MIT"
    },
    "node_modules/ms": {
      "version": "2.1.3",
      "resolved": "https://registry.npmjs.org/ms/-/ms-2.1.3.tgz",
      "integrity": "sha512-6FlzubTLZG3J2a/NVCAleEhjzq5oxgHyaCU9yYXvcLsvoVaHJq/s5xXI6/XXP6tz7R9xAOtHnSO/tXtF3WRTlA==",
      "license": "MIT"
    },
    "node_modules/netmask": {
      "version": "1.0.6",
      "resolved": "https://registry.npmjs.org/netmask/-/netmask-1.0.6.tgz",
      "integrity": "sha512-3DWDqAtIiPSkBXZyYEjwebfK56nrlQfRGt642fu8RPaL+ePu750+HCMHxjJCG3iEHq/0aeMvX6KIzlv7nuhfrA==",
      "license": "MIT",
      "engines": {
        "node": ">= 0.4.0"
      }
    },
    "node_modules/node-serialize": {
      "version": "0.0.4",
      "resolved": "https://registry.npmjs.org/node-serialize/-/node-serialize-0.0.4.tgz",
      "integrity": "sha512-Q7krX4keanOtqYrNWGlTWk0jSYPewtMpzs5AoV0NieqTtQkLRGq5e0R+iuTA3npbpk7B1zJy6dZ7o9wmmuEYmA==",
      "engines": [
        "node >=0.6.0"
      ]
    },
    "node_modules/obj-str": {
      "version": "1.1.0",
      "resolved": "https://registry.npmjs.org/obj-str/-/obj-str-1.1.0.tgz",
      "integrity": "sha512-iQNCv4NPzzVSnG4nVmkBsBwSq3+Z5/X/Yi4omFpzALC4ZbLXd4QByOFqWd+Khh2nQnbzhsklRxbDwhYKHotrYA==",
      "license": "MIT",
      "engines": {
        "node": ">=4"
      }
    },
    "node_modules/pathval": {
      "version": "1.1.0",
      "resolved": "https://registry.npmjs.org/pathval/-/pathval-1.1.0.tgz",
      "integrity": "sha512-qZ181q3ICkag/+lv1X6frDUF84pqCm30qild3LGbD84n0AC75CYwnWsQRDlpz7zDkU5NVcmhHh4LjXK0goLYZA==",
      "license": "MIT",
      "engines": {
        "node": "*"
      }
    },
    "node_modules/point-in-polygon": {
      "version": "1.1.0",
      "resolved": "https://registry.npmjs.org/point-in-polygon/-/point-in-polygon-1.1.0.tgz",
      "integrity": "sha512-3ojrFwjnnw8Q9242TzgXuTD+eKiutbzyslcq1ydfu82Db2y+Ogbmyrkpv0Hgj31qwT3lbS9+QAAO/pIQM35XRw==",
      "license": "MIT"
    },
    "node_modules/quick-lru": {
      "version": "7.0.0",
      "resolved": "https://registry.npmjs.org/quick-lru/-/quick-lru-7.0.0.tgz",
      "integrity": "sha512-MX8gB7cVYTrYcFfAnfLlhRd0+Toyl8yX8uBx1MrX7K0jegiz9TumwOK27ldXrgDlHRdVi+MqU9Ssw6dr4BNreg==",
      "license": "MIT",
      "engines": {
        "node": ">=18"
      },
      "funding": {
        "url": "https://github.com/sponsors/sindresorhus"
      }
    },
    "node_modules/rfdc": {
      "version": "1.4.1",
      "resolved": "https://registry.npmjs.org/rfdc/-/rfdc-1.4.1.tgz",
      "integrity": "sha512-q1b3N5QkRUWUl7iyylaaj3kOpIT0N2i9MqIEQXP73GVsN9cw3fdx8X63cEmWhJGi2PPCF23Ijp7ktmd39rawIA==",
      "license": "MIT"
    },
    "node_modules/seedrandom": {
      "version": "3.0.5",
      "resolved": "https://registry.npmjs.org/seedrandom/-/seedrandom-3.0.5.tgz",
      "integrity": "sha512-8OwmbklUNzwezjGInmZ+2clQmExQPvomqjL7LFqOYqtmuxRgQYqOD3mHaU+MvZn5FLUeVxVfQjwLZW/n/JFuqg==",
      "license": "MIT"
    },
    "node_modules/shvl": {
      "version": "2.0.0",
      "resolved": "https://registry.npmjs.org/shvl/-/shvl-2.0.0.tgz",
      "integrity": "sha512-WbpzSvI5XgVGJ3A4ySGe8hBxj0JgJktfnoLhhJmvITDdK21WPVWwgG8GPlYEh4xqdti3Ff7PJ5G0QrRAjNS0Ig==",
      "deprecated": "older versions vulnerable to prototype pollution",
      "license": "MIT"
    },
    "node_modules/simplify-js": {
      "version": "1.2.4",
      "resolved": "https://registry.npmjs.org/simplify-js/-/simplify-js-1.2.4.tgz",
      "integrity": "sha512-vITfSlwt7h/oyrU42R83mtzFpwYk3+mkH9bOHqq/Qw6n8rtR7aE3NZQ5fbcyCUVVmuMJR6ynsAhOfK2qoah8Jg==",
      "license": "BSD-2-Clause"
    },
    "node_modules/smallest-enclosing-circle": {
      "version": "1.0.2",
      "resolved": "https://registry.npmjs.org/smallest-enclosing-circle/-/smallest-enclosing-circle-1.0.2.tgz",
      "integrity": "sha512-HvGqyliqB8t+k0kCIYaXR1KkWZFrkUOsovuySHfsFjpkvkIUzv0Y0lN1DK8zhiaCBFRcWpnQ+MPkiohACDHLxA==",
      "license": "MIT"
    },
    "node_modules/splaytree": {
      "version": "3.2.3",
      "resolved": "https://registry.npmjs.org/splaytree/-/splaytree-3.2.3.tgz",
      "integrity": "sha512-7OXrNWzy6CK+r7Ch9OLPBDTKfB6XlWHjX4P0RU5B3IgFuWPeYN0XtRtlexGRjgbQxpfaUve6jTAwBGWuGntz/w==",
      "license": "MIT",
      "engines": {
        "node": ">=18.20 || >=20"
      }
    },
    "node_modules/tiny-emitter": {
      "version": "2.1.0",
      "resolved": "https://registry.npmjs.org/tiny-emitter/-/tiny-emitter-2.1.0.tgz",
      "integrity": "sha512-NB6Dk1A9xgQPMoGqC5CVXn123gWyte215ONT5Pp5a0yt4nlEoO1ZWeCwpncaekPHXO60i47ihFnZPiRPjRMq4Q==",
      "license": "MIT"
    },
    "node_modules/tiny-invariant": {
      "version": "1.3.3",
      "resolved": "https://registry.npmjs.org/tiny-invariant/-/tiny-invariant-1.3.3.tgz",
      "integrity": "sha512-+FbBPE1o9QAYvviau/qC5SE3caw21q3xkvWKBtja5vgqOWIHHJ3ioaq1VPfn/Szqctz2bU/oYeKd9/z5BL+PVg==",
      "license": "MIT"
    },
    "node_modules/tiny-warning": {
      "version": "1.0.3",
      "resolved": "https://registry.npmjs.org/tiny-warning/-/tiny-warning-1.0.3.tgz",
      "integrity": "sha512-lBN9zLN/oAf68o3zNXYrdCt1kP8WsiGW8Oo2ka41b2IM5JL/S1CTyX1rW0mb/zSuJun0ZUrDxx4sqvYS2FWzPA==",
      "license": "MIT"
    },
    "node_modules/tinydate": {
      "version": "1.3.0",
      "resolved": "https://registry.npmjs.org/tinydate/-/tinydate-1.3.0.tgz",
      "integrity": "sha512-7cR8rLy2QhYHpsBDBVYnnWXm8uRTr38RoZakFSW7Bs7PzfMPNZthuMLkwqZv7MTu8lhQ91cOFYS5a7iFj2oR3w==",
      "license": "MIT",
      "engines": {
        "node": ">=4"
      }
    },
    "node_modules/tinyqueue": {
      "version": "2.0.3",
      "resolved": "https://registry.npmjs.org/tinyqueue/-/tinyqueue-2.0.3.tgz",
      "integrity": "sha512-ppJZNDuKGgxzkHihX8v9v9G5f+18gzaTfrukGrq6ueg0lmH4nqVnA2IPG0AEH3jKEk2GRJCUhDoqpoiw3PHLBA==",
      "license": "ISC"
    },
    "node_modules/tinytime": {
      "version": "0.2.6",
      "resolved": "https://registry.npmjs.org/tinytime/-/tinytime-0.2.6.tgz",
      "integrity": "sha512-FdiVbzssIGxpi9tuDWcMnDb4dUeoYIA4rpsdx1wVzvCaGMk5pt4WyFg2G+MFZ08HGyWB/CM/ajQfLKp6CYiD3w==",
      "license": "MIT"
    },
    "node_modules/tmp-cache": {
      "version": "1.1.0",
      "resolved": "https://registry.npmjs.org/tmp-cache/-/tmp-cache-1.1.0.tgz",
      "integrity": "sha512-j040fkL/x+XAZQ9K3bKGEPwgYhOZNBQLa3NXEADUiuno9C+3N2JJA4bVPDREixp604G3/vTXWA3DIPpA9lu1RQ==",
      "license": "MIT",
      "engines": {
        "node": ">=6"
      }
    },
    "node_modules/yocto-queue": {
      "version": "1.0.0",
      "resolved": "https://registry.npmjs.org/yocto-queue/-/yocto-queue-1.0.0.tgz",
      "integrity": "sha512-9bnSc/HEW2uRy67wc+T8UwauLuPJVn28jb+GtJY16iiKWyvmYJRXVT4UamsAEGQfPohgr2q4Tq0sQbQlxTfi1g==",
      "license": "MIT",
      "engines": {
        "node": ">=12.20"
      },
      "funding": {
        "url": "https://github.com/sponsors/sindresorhus"
      }
    }
  }
}
