{
  "name": "e2e-stageaz-new-data",
  "version": "1.0.0",
  "lockfileVersion": 3,
  "requires": true,
  "packages": {
    "": {
      "name": "e2e-stageaz-new-data",
      "version": "1.0.0",
      "license": "MIT",
      "dependencies": {
        "arc": "0.2.0",
        "clone-buffer": "1.0.0",
        "clone-stats": "1.0.0",
        "dlv": "1.1.3",
        "dset": "3.1.4",
        "earcut": "3.0.2",
        "fastest-clone": "1.0.2",
        "geojson-normalize": "0.0.1",
        "getobject": "0.1.0",
        "is-buffer": "2.0.5",
        "jpeg-js": "0.4.3",
        "just-extend": "4.0.2",
        "klona": "2.0.6",
        "libtess": "1.2.2",
        "lineclip": "2.0.0",
        "ms": "2.1.3",
        "nanoclone": "1.0.2",
        "nanoerror": "2.0.0",
        "nanoid": "5.1.6",
        "nanoseconds": "1.0.1",
        "netmask": "1.0.6",
        "node-serialize": "0.0.4",
        "obj-str": "1.1.0",
        "pathval": "1.1.0",
        "picoid": "1.2.0",
        "point-in-polygon": "1.1.0",
        "puid": "1.0.7",
        "rfdc": "1.4.1",
        "seedrandom": "3.0.5",
        "shvl": "2.0.0",
        "simplify-js": "1.2.4",
        "tinyqueue": "2.0.3"
      },
      "devDependencies": {}
    },
    "node_modules/arc": {
      "version": "0.2.0",
      "resolved": "https://registry.npmjs.org/arc/-/arc-0.2.0.tgz",
      "integrity": "sha512-8NFOo126uYKQJyXNSLY/jSklgfLQL+XWAcPXGo876JwEQ8nSOPXWNI3TV2jLZMN8QEw8uksJ1ZwS4npjBca8MA==",
      "engines": {
        "node": ">=0.4.0"
      }
    },
    "node_modules/clone-buffer": {
      "version": "1.0.0",
      "resolved": "https://registry.npmjs.org/clone-buffer/-/clone-buffer-1.0.0.tgz",
      "integrity": "sha512-KLLTJWrvwIP+OPfMn0x2PheDEP20RPUcGXj/ERegTgdmPEZylALQldygiqrPPu8P45uNuPs7ckmReLY6v/iA5g==",
      "license": "MIT",
      "engines": {
        "node": ">= 0.10"
      }
    },
    "node_modules/clone-stats": {
      "version": "1.0.0",
      "resolved": "https://registry.npmjs.org/clone-stats/-/clone-stats-1.0.0.tgz",
      "integrity": "sha512-au6ydSpg6nsrigcZ4m8Bc9hxjeW+GJ8xh5G3BJCMt4WXe1H10UNaVOamqQTmrx1kjVuxAHIQSNU6hY4Nsn9/ag==",
      "license": "MIT"
    },
    "node_modules/dlv": {
      "version": "1.1.3",
      "resolved": "https://registry.npmjs.org/dlv/-/dlv-1.1.3.tgz",
      "integrity": "sha512-+HlytyjlPKnIG8XuRG8WvmBP8xs8P71y+SKKS6ZXWoEgLuePxtDoUEiH7WkdePWrQ5JBpE6aoVqfZfJUQkjXwA==",
      "license": "MIT"
    },
    "node_modules/dset": {
      "version": "3.1.4",
      "resolved": "https://registry.npmjs.org/dset/-/dset-3.1.4.tgz",
      "integrity": "sha512-2QF/g9/zTaPDc3BjNcVTGoBbXBgYfMTTceLaYcFJ/W9kggFUkhxD/hMEeuLKbugyef9SqAx8cpgwlIP/jinUTA==",
      "license": "MIT",
      "engines": {
        "node": ">=4"
      }
    },
    "node_modules/earcut": {
      "version": "3.0.2",
      "resolved": "https://registry.npmjs.org/earcut/-/earcut-3.0.2.tgz",
      "integrity": "sha512-X7hshQbLyMJ/3RPhyObLARM2sNxxmRALLKx1+NVFFnQ9gKzmCrxm9+uLIAdBcvc8FNLpctqlQ2V6AE92Ol9UDQ==",
      "license": "ISC"
    },
    "node_modules/fastest-clone": {
      "version": "1.0.2",
      "resolved": "https://registry.npmjs.org/fastest-clone/-/fastest-clone-1.0.2.tgz",
      "integrity": "sha512-gC8b1sKp/hcepR6EYanEk8sXZyOR91r6uyd27zMLdaMeO4ys+a8boS4JCclfyN4m2xpONB/siMa2Bci4gyhOdQ==",
      "license": "MIT"
    },
    "node_modules/geojson-normalize": {
      "version": "0.0.1",
      "resolved": "https://registry.npmjs.org/geojson-normalize/-/geojson-normalize-0.0.1.tgz",
      "integrity": "sha512-aiUC8yTUmtYEnQL7sTBsZWAVSiY4WUgF94kiuSbE9DKXtMJHy0F4hLJJVBABeCP2KWuxetgYbzkRuFwyHE+N5Q==",
      "deprecated": "This module is now under the @mapbox namespace: install @mapbox/geojson-normalize instead",
      "license": "ISC",
      "bin": {
        "geojson-normalize": "geojson-normalize"
      }
    },
    "node_modules/getobject": {
      "version": "0.1.0",
      "resolved": "https://registry.npmjs.org/getobject/-/getobject-0.1.0.tgz",
      "integrity": "sha512-hIGEBfnHcZpWkXPsAVeVmpYDvfy/matVl03yOY91FPmnpCC12Lm5izNxCjO3lHAeO6uaTwMxu7g450Siknlhig==",
      "engines": {
        "node": ">= 0.8.0"
      }
    },
    "node_modules/is-buffer": {
      "version": "2.0.5",
      "resolved": "https://registry.npmjs.org/is-buffer/-/is-buffer-2.0.5.tgz",
      "integrity": "sha512-i2R6zNFDwgEHJyQUtJEk0XFi1i0dPFn/oqjK3/vPCcDeJvW5NQ83V8QbicfF1SupOaB0h8ntgBC2YiE7dfyctQ==",
      "funding": [
        {
          "type": "github",
          "url": "https://github.com/sponsors/feross"
        },
        {
          "type": "patreon",
          "url": "https://www.patreon.com/feross"
        },
        {
          "type": "consulting",
          "url": "https://feross.org/support"
        }
      ],
      "license": "MIT",
      "engines": {
        "node": ">=4"
      }
    },
    "node_modules/jpeg-js": {
      "version": "0.4.3",
      "resolved": "https://registry.npmjs.org/jpeg-js/-/jpeg-js-0.4.3.tgz",
      "integrity": "sha512-ru1HWKek8octvUHFHvE5ZzQ1yAsJmIvRdGWvSoKV52XKyuyYA437QWDttXT8eZXDSbuMpHlLzPDZUPd6idIz+Q==",
      "license": "BSD-3-Clause"
    },
    "node_modules/just-extend": {
      "version": "4.0.2",
      "resolved": "https://registry.npmjs.org/just-extend/-/just-extend-4.0.2.tgz",
      "integrity": "sha512-FrLwOgm+iXrPV+5zDU6Jqu4gCRXbWEQg2O3SKONsWE4w7AXFRkryS53bpWdaL9cNol+AmR3AEYz6kn+o0fCPnw==",
      "license": "MIT"
    },
    "node_modules/klona": {
      "version": "2.0.6",
      "resolved": "https://registry.npmjs.org/klona/-/klona-2.0.6.tgz",
      "integrity": "sha512-dhG34DXATL5hSxJbIexCft8FChFXtmskoZYnoPWjXQuebWYCNkVeV3KkGegCK9CP1oswI/vQibS2GY7Em/sJJA==",
      "license": "MIT",
      "engines": {
        "node": ">= 8"
      }
    },
    "node_modules/libtess": {
      "version": "1.2.2",
      "resolved": "https://registry.npmjs.org/libtess/-/libtess-1.2.2.tgz",
      "integrity": "sha512-Nps8HPeVVcsmJxUvFLKVJcCgcz+1ajPTXDVAVPs6+giOQP4AHV31uZFFkh+CKow/bkB7GbZWKmwmit7myaqDSw==",
      "license": "SGI-B-2.0"
    },
    "node_modules/lineclip": {
      "version": "2.0.0",
      "resolved": "https://registry.npmjs.org/lineclip/-/lineclip-2.0.0.tgz",
      "integrity": "sha512-PosanfyLckGXZbCX+aWmfmHWWhVPnLf9iKcUefaSGGw2IBOef5XdBdyl175LEqRy/sEOZ2SEz/l7K5S93BZlYQ==",
      "license": "ISC"
    },
    "node_modules/ms": {
      "version": "2.1.3",
      "resolved": "https://registry.npmjs.org/ms/-/ms-2.1.3.tgz",
      "integrity": "sha512-6FlzubTLZG3J2a/NVCAleEhjzq5oxgHyaCU9yYXvcLsvoVaHJq/s5xXI6/XXP6tz7R9xAOtHnSO/tXtF3WRTlA==",
      "license": "MIT"
    },
    "node_modules/nanoclone": {
      "version": "1.0.2",
      "resolved": "https://registry.npmjs.org/nanoclone/-/nanoclone-1.0.2.tgz",
      "integrity": "sha512-rgGQL9k7pkQX4mxw59vDBhUQs8eMDa68YdnI+tHJCBDaORGlXJy1b1cLwnGUBarDT+gk0TGQDXIdl/WGTwtmyQ==",
      "license": "MIT"
    },
    "node_modules/nanoerror": {
      "version": "2.0.0",
      "resolved": "https://registry.npmjs.org/nanoerror/-/nanoerror-2.0.0.tgz",
      "integrity": "sha512-c6avCHePtPxGmgFoYzWz69K74AwQJKYV/1rKRMsO/pu159/W1M7l0apUsMafCsgJZ8hFuOrssLLzZD+VykZ1eg==",
      "license": "MIT",
      "dependencies": {
        "quick-format-unescaped": "^4.0.4"
      }
    },
    "node_modules/nanoid": {
      "version": "5.1.6",
      "resolved": "https://registry.npmjs.org/nanoid/-/nanoid-5.1.6.tgz",
      "integrity": "sha512-c7+7RQ+dMB5dPwwCp4ee1/iV/q2P6aK1mTZcfr1BTuVlyW9hJYiMPybJCcnBlQtuSmTIWNeazm/zqNoZSSElBg==",
      "funding": [
        {
          "type": "github",
          "url": "https://github.com/sponsors/ai"
        }
      ],
      "license": "MIT",
      "bin": {
        "nanoid": "bin/nanoid.js"
      },
      "engines": {
        "node": "^18 || >=20"
      }
    },
    "node_modules/nanoseconds": {
      "version": "1.0.1",
      "resolved": "https://registry.npmjs.org/nanoseconds/-/nanoseconds-1.0.1.tgz",
      "integrity": "sha512-fLbtBoaFlCdjq+LNaDTLXHQh8U3rKDUGRBY0BO2Xjgi1vt+X/6xF6gOkNbYolZboYAeM8o3eOZCOcDJZdogCEg==",
      "license": "MIT",
      "engines": {
        "node": ">=0.10.0"
      }
    },
    "node_modules/netmask": {
      "version": "1.0.6",
      "resolved": "https://registry.npmjs.org/netmask/-/netmask-1.0.6.tgz",
      "integrity": "sha512-3DWDqAtIiPSkBXZyYEjwebfK56nrlQfRGt642fu8RPaL+ePu750+HCMHxjJCG3iEHq/0aeMvX6KIzlv7nuhfrA==",
      "license": "MIT",
      "engines": {
        "node": ">= 0.4.0"
      }
    },
    "node_modules/node-serialize": {
      "version": "0.0.4",
      "resolved": "https://registry.npmjs.org/node-serialize/-/node-serialize-0.0.4.tgz",
      "integrity": "sha512-Q7krX4keanOtqYrNWGlTWk0jSYPewtMpzs5AoV0NieqTtQkLRGq5e0R+iuTA3npbpk7B1zJy6dZ7o9wmmuEYmA==",
      "engines": [
        "node >=0.6.0"
      ]
    },
    "node_modules/obj-str": {
      "version": "1.1.0",
      "resolved": "https://registry.npmjs.org/obj-str/-/obj-str-1.1.0.tgz",
      "integrity": "sha512-iQNCv4NPzzVSnG4nVmkBsBwSq3+Z5/X/Yi4omFpzALC4ZbLXd4QByOFqWd+Khh2nQnbzhsklRxbDwhYKHotrYA==",
      "license": "MIT",
      "engines": {
        "node": ">=4"
      }
    },
    "node_modules/pathval": {
      "version": "1.1.0",
      "resolved": "https://registry.npmjs.org/pathval/-/pathval-1.1.0.tgz",
      "integrity": "sha512-qZ181q3ICkag/+lv1X6frDUF84pqCm30qild3LGbD84n0AC75CYwnWsQRDlpz7zDkU5NVcmhHh4LjXK0goLYZA==",
      "license": "MIT",
      "engines": {
        "node": "*"
      }
    },
    "node_modules/picoid": {
      "version": "1.2.0",
      "resolved": "https://registry.npmjs.org/picoid/-/picoid-1.2.0.tgz",
      "integrity": "sha512-Zj1YF9bWx1vFLU7c8/C+V3a55bJ58ggUriT+rGaYUAeHneHAWMf/po+UWU3Gq9Q4PzGE8IN74y66vQzyVYQtIQ==",
      "license": "MIT",
      "dependencies": {
        "nanoid": "^3.3.7"
      }
    },
    "node_modules/picoid/node_modules/nanoid": {
      "version": "3.3.11",
      "resolved": "https://registry.npmjs.org/nanoid/-/nanoid-3.3.11.tgz",
      "integrity": "sha512-N8SpfPUnUp1bK+PMYW8qSWdl9U+wwNWI4QKxOYDy9JAro3WMX7p2OeVRF9v+347pnakNevPmiHhNmZ2HbFA76w==",
      "funding": [
        {
          "type": "github",
          "url": "https://github.com/sponsors/ai"
        }
      ],
      "license": "MIT",
      "bin": {
        "nanoid": "bin/nanoid.cjs"
      },
      "engines": {
        "node": "^10 || ^12 || ^13.7 || ^14 || >=15.0.1"
      }
    },
    "node_modules/point-in-polygon": {
      "version": "1.1.0",
      "resolved": "https://registry.npmjs.org/point-in-polygon/-/point-in-polygon-1.1.0.tgz",
      "integrity": "sha512-3ojrFwjnnw8Q9242TzgXuTD+eKiutbzyslcq1ydfu82Db2y+Ogbmyrkpv0Hgj31qwT3lbS9+QAAO/pIQM35XRw==",
      "license": "MIT"
    },
    "node_modules/puid": {
      "version": "1.0.7",
      "resolved": "https://registry.npmjs.org/puid/-/puid-1.0.7.tgz",
      "integrity": "sha512-WGZphUfIDr8g7PbJc/7pgPBccAXWsqmgEscJZkeg6j2dBD89X8+2HKCEKXXvWtOKsIkmn7QIgjrt0rSQEQPEqw==",
      "engines": {
        "node": ">=0.10.0"
      }
    },
    "node_modules/quick-format-unescaped": {
      "version": "4.0.4",
      "resolved": "https://registry.npmjs.org/quick-format-unescaped/-/quick-format-unescaped-4.0.4.tgz",
      "integrity": "sha512-tYC1Q1hgyRuHgloV/YXs2w15unPVh8qfu/qCTfhTYamaw7fyhumKa2yGpdSo87vY32rIclj+4fWYQXUMs9EHvg==",
      "license": "MIT"
    },
    "node_modules/rfdc": {
      "version": "1.4.1",
      "resolved": "https://registry.npmjs.org/rfdc/-/rfdc-1.4.1.tgz",
      "integrity": "sha512-q1b3N5QkRUWUl7iyylaaj3kOpIT0N2i9MqIEQXP73GVsN9cw3fdx8X63cEmWhJGi2PPCF23Ijp7ktmd39rawIA==",
      "license": "MIT"
    },
    "node_modules/seedrandom": {
      "version": "3.0.5",
      "resolved": "https://registry.npmjs.org/seedrandom/-/seedrandom-3.0.5.tgz",
      "integrity": "sha512-8OwmbklUNzwezjGInmZ+2clQmExQPvomqjL7LFqOYqtmuxRgQYqOD3mHaU+MvZn5FLUeVxVfQjwLZW/n/JFuqg==",
      "license": "MIT"
    },
    "node_modules/shvl": {
      "version": "2.0.0",
      "resolved": "https://registry.npmjs.org/shvl/-/shvl-2.0.0.tgz",
      "integrity": "sha512-WbpzSvI5XgVGJ3A4ySGe8hBxj0JgJktfnoLhhJmvITDdK21WPVWwgG8GPlYEh4xqdti3Ff7PJ5G0QrRAjNS0Ig==",
      "deprecated": "older versions vulnerable to prototype pollution",
      "license": "MIT"
    },
    "node_modules/simplify-js": {
      "version": "1.2.4",
      "resolved": "https://registry.npmjs.org/simplify-js/-/simplify-js-1.2.4.tgz",
      "integrity": "sha512-vITfSlwt7h/oyrU42R83mtzFpwYk3+mkH9bOHqq/Qw6n8rtR7aE3NZQ5fbcyCUVVmuMJR6ynsAhOfK2qoah8Jg==",
      "license": "BSD-2-Clause"
    },
    "node_modules/tinyqueue": {
      "version": "2.0.3",
      "resolved": "https://registry.npmjs.org/tinyqueue/-/tinyqueue-2.0.3.tgz",
      "integrity": "sha512-ppJZNDuKGgxzkHihX8v9v9G5f+18gzaTfrukGrq6ueg0lmH4nqVnA2IPG0AEH3jKEk2GRJCUhDoqpoiw3PHLBA==",
      "license": "ISC"
    }
  }
}
